
Microsoft Visual Studio Solution File, Format Version 12.00
# Visual Studio Version 17
VisualStudioVersion = 17.4.33213.308
MinimumVisualStudioVersion = 10.0.40219.1
Project("{FAE04EC0-301F-11D3-BF4B-00C04F79EFBC}") = "LeetCode", "LeetCode\LeetCode.csproj", "{06332AE4-5D16-430E-9070-D4C76A8F7A00}"
EndProject
Global
	GlobalSection(SolutionConfigurationPlatforms) = preSolution
		Debug|Any CPU = Debug|Any CPU
		Release|Any CPU = Release|Any CPU
	EndGlobalSection
	GlobalSection(ProjectConfigurationPlatforms) = postSolution
		{06332AE4-5D16-430E-9070-D4C76A8F7A00}.Debug|Any CPU.ActiveCfg = Debug|Any CPU
		{06332AE4-5D16-430E-9070-D4C76A8F7A00}.Debug|Any CPU.Build.0 = Debug|Any CPU
		{06332AE4-5D16-430E-9070-D4C76A8F7A00}.Release|Any CPU.ActiveCfg = Release|Any CPU
		{06332AE4-5D16-430E-9070-D4C76A8F7A00}.Release|Any CPU.Build.0 = Release|Any CPU
	EndGlobalSection
	GlobalSection(SolutionProperties) = preSolution
		HideSolutionNode = FALSE
	EndGlobalSection
	GlobalSection(ExtensibilityGlobals) = postSolution
		SolutionGuid = {3FB9866D-F68F-4847-9CCB-3D5D64BB6F52}
	EndGlobalSection
EndGlobal
